
Microsoft Visual Studio Solution File, Format Version 12.00
# Visual Studio Version 17
VisualStudioVersion = 17.14.36203.30 d17.14
MinimumVisualStudioVersion = 10.0.40219.1
Project("{54A90642-561A-4BB1-A94E-469ADEE60C69}") = "boatloadingchecker.client", "boatloadingchecker.client\boatloadingchecker.client.esproj", "{B16B2256-9600-7CC4-B04E-A336D0D515E0}"
EndProject
Project("{FAE04EC0-301F-11D3-BF4B-00C04F79EFBC}") = "BoatLoadingChecker.Server", "BoatLoadingChecker.Server\BoatLoadingChecker.Server.csproj", "{E16F504E-BB92-40CA-8DA9-81B5DDDE68FB}"
EndProject
Global
	GlobalSection(SolutionConfigurationPlatforms) = preSolution
		Debug|Any CPU = Debug|Any CPU
		Release|Any CPU = Release|Any CPU
	EndGlobalSection
	GlobalSection(ProjectConfigurationPlatforms) = postSolution
		{B16B2256-9600-7CC4-B04E-A336D0D515E0}.Debug|Any CPU.ActiveCfg = Debug|Any CPU
		{B16B2256-9600-7CC4-B04E-A336D0D515E0}.Debug|Any CPU.Build.0 = Debug|Any CPU
		{B16B2256-9600-7CC4-B04E-A336D0D515E0}.Debug|Any CPU.Deploy.0 = Debug|Any CPU
		{B16B2256-9600-7CC4-B04E-A336D0D515E0}.Release|Any CPU.ActiveCfg = Release|Any CPU
		{B16B2256-9600-7CC4-B04E-A336D0D515E0}.Release|Any CPU.Build.0 = Release|Any CPU
		{B16B2256-9600-7CC4-B04E-A336D0D515E0}.Release|Any CPU.Deploy.0 = Release|Any CPU
		{E16F504E-BB92-40CA-8DA9-81B5DDDE68FB}.Debug|Any CPU.ActiveCfg = Debug|Any CPU
		{E16F504E-BB92-40CA-8DA9-81B5DDDE68FB}.Debug|Any CPU.Build.0 = Debug|Any CPU
		{E16F504E-BB92-40CA-8DA9-81B5DDDE68FB}.Release|Any CPU.ActiveCfg = Release|Any CPU
		{E16F504E-BB92-40CA-8DA9-81B5DDDE68FB}.Release|Any CPU.Build.0 = Release|Any CPU
	EndGlobalSection
	GlobalSection(SolutionProperties) = preSolution
		HideSolutionNode = FALSE
	EndGlobalSection
	GlobalSection(ExtensibilityGlobals) = postSolution
		SolutionGuid = {32689A23-EB6D-4AA0-BCC4-ABE1474E16FB}
	EndGlobalSection
EndGlobal
